
Microsoft Visual Studio Solution File, Format Version 12.00
# Visual Studio 2013
VisualStudioVersion = 12.0.30501.0
MinimumVisualStudioVersion = 10.0.40219.1
Project("{FAE04EC0-301F-11D3-BF4B-00C04F79EFBC}") = "FortuneFinder.iOS", "FortuneFinder.iOS\FortuneFinder.iOS.csproj", "{A36C2698-25E7-485E-AC8F-D0D599CFBB11}"
EndProject
Project("{FAE04EC0-301F-11D3-BF4B-00C04F79EFBC}") = "FortuneFinder.Android", "FortuneFinder.Android\FortuneFinder.Android.csproj", "{62EB78BE-C28B-4E1A-8925-78474DA8A4F0}"
EndProject
Project("{FAE04EC0-301F-11D3-BF4B-00C04F79EFBC}") = "Core", "Core\Core.csproj", "{E8760B64-A7DF-41FB-B4D8-5275D23F1144}"
EndProject
Project("{FAE04EC0-301F-11D3-BF4B-00C04F79EFBC}") = "FortuneFinder.WP", "FortuneFinder.WP\FortuneFinder.WP.csproj", "{CB4F0D44-48DD-4017-9CA1-E2474B3A676D}"
EndProject
Global
	GlobalSection(SolutionConfigurationPlatforms) = preSolution
		Ad-Hoc|Any CPU = Ad-Hoc|Any CPU
		Ad-Hoc|ARM = Ad-Hoc|ARM
		Ad-Hoc|iPhone = Ad-Hoc|iPhone
		Ad-Hoc|iPhoneSimulator = Ad-Hoc|iPhoneSimulator
		Ad-Hoc|Mixed Platforms = Ad-Hoc|Mixed Platforms
		Ad-Hoc|x86 = Ad-Hoc|x86
		AppStore|Any CPU = AppStore|Any CPU
		AppStore|ARM = AppStore|ARM
		AppStore|iPhone = AppStore|iPhone
		AppStore|iPhoneSimulator = AppStore|iPhoneSimulator
		AppStore|Mixed Platforms = AppStore|Mixed Platforms
		AppStore|x86 = AppStore|x86
		Debug|Any CPU = Debug|Any CPU
		Debug|ARM = Debug|ARM
		Debug|iPhone = Debug|iPhone
		Debug|iPhoneSimulator = Debug|iPhoneSimulator
		Debug|Mixed Platforms = Debug|Mixed Platforms
		Debug|x86 = Debug|x86
		Release|Any CPU = Release|Any CPU
		Release|ARM = Release|ARM
		Release|iPhone = Release|iPhone
		Release|iPhoneSimulator = Release|iPhoneSimulator
		Release|Mixed Platforms = Release|Mixed Platforms
		Release|x86 = Release|x86
	EndGlobalSection
	GlobalSection(ProjectConfigurationPlatforms) = postSolution
		{A36C2698-25E7-485E-AC8F-D0D599CFBB11}.Ad-Hoc|Any CPU.ActiveCfg = Ad-Hoc|iPhoneSimulator
		{A36C2698-25E7-485E-AC8F-D0D599CFBB11}.Ad-Hoc|ARM.ActiveCfg = Ad-Hoc|iPhoneSimulator
		{A36C2698-25E7-485E-AC8F-D0D599CFBB11}.Ad-Hoc|iPhone.ActiveCfg = Ad-Hoc|iPhone
		{A36C2698-25E7-485E-AC8F-D0D599CFBB11}.Ad-Hoc|iPhone.Build.0 = Ad-Hoc|iPhone
		{A36C2698-25E7-485E-AC8F-D0D599CFBB11}.Ad-Hoc|iPhoneSimulator.ActiveCfg = Ad-Hoc|iPhone
		{A36C2698-25E7-485E-AC8F-D0D599CFBB11}.Ad-Hoc|Mixed Platforms.ActiveCfg = Ad-Hoc|iPhoneSimulator
		{A36C2698-25E7-485E-AC8F-D0D599CFBB11}.Ad-Hoc|Mixed Platforms.Build.0 = Ad-Hoc|iPhoneSimulator
		{A36C2698-25E7-485E-AC8F-D0D599CFBB11}.Ad-Hoc|Mixed Platforms.Deploy.0 = Ad-Hoc|iPhoneSimulator
		{A36C2698-25E7-485E-AC8F-D0D599CFBB11}.Ad-Hoc|x86.ActiveCfg = Ad-Hoc|iPhoneSimulator
		{A36C2698-25E7-485E-AC8F-D0D599CFBB11}.AppStore|Any CPU.ActiveCfg = AppStore|iPhoneSimulator
		{A36C2698-25E7-485E-AC8F-D0D599CFBB11}.AppStore|ARM.ActiveCfg = AppStore|iPhoneSimulator
		{A36C2698-25E7-485E-AC8F-D0D599CFBB11}.AppStore|iPhone.ActiveCfg = AppStore|iPhone
		{A36C2698-25E7-485E-AC8F-D0D599CFBB11}.AppStore|iPhone.Build.0 = AppStore|iPhone
		{A36C2698-25E7-485E-AC8F-D0D599CFBB11}.AppStore|iPhoneSimulator.ActiveCfg = AppStore|iPhone
		{A36C2698-25E7-485E-AC8F-D0D599CFBB11}.AppStore|Mixed Platforms.ActiveCfg = AppStore|iPhoneSimulator
		{A36C2698-25E7-485E-AC8F-D0D599CFBB11}.AppStore|Mixed Platforms.Build.0 = AppStore|iPhoneSimulator
		{A36C2698-25E7-485E-AC8F-D0D599CFBB11}.AppStore|Mixed Platforms.Deploy.0 = AppStore|iPhoneSimulator
		{A36C2698-25E7-485E-AC8F-D0D599CFBB11}.AppStore|x86.ActiveCfg = AppStore|iPhoneSimulator
		{A36C2698-25E7-485E-AC8F-D0D599CFBB11}.Debug|Any CPU.ActiveCfg = Debug|iPhoneSimulator
		{A36C2698-25E7-485E-AC8F-D0D599CFBB11}.Debug|ARM.ActiveCfg = Debug|iPhoneSimulator
		{A36C2698-25E7-485E-AC8F-D0D599CFBB11}.Debug|iPhone.ActiveCfg = Debug|iPhone
		{A36C2698-25E7-485E-AC8F-D0D599CFBB11}.Debug|iPhone.Build.0 = Debug|iPhone
		{A36C2698-25E7-485E-AC8F-D0D599CFBB11}.Debug|iPhoneSimulator.ActiveCfg = Debug|iPhoneSimulator
		{A36C2698-25E7-485E-AC8F-D0D599CFBB11}.Debug|iPhoneSimulator.Build.0 = Debug|iPhoneSimulator
		{A36C2698-25E7-485E-AC8F-D0D599CFBB11}.Debug|Mixed Platforms.ActiveCfg = Debug|iPhoneSimulator
		{A36C2698-25E7-485E-AC8F-D0D599CFBB11}.Debug|Mixed Platforms.Build.0 = Debug|iPhoneSimulator
		{A36C2698-25E7-485E-AC8F-D0D599CFBB11}.Debug|Mixed Platforms.Deploy.0 = Debug|iPhoneSimulator
		{A36C2698-25E7-485E-AC8F-D0D599CFBB11}.Debug|x86.ActiveCfg = Debug|iPhoneSimulator
		{A36C2698-25E7-485E-AC8F-D0D599CFBB11}.Release|Any CPU.ActiveCfg = Release|iPhoneSimulator
		{A36C2698-25E7-485E-AC8F-D0D599CFBB11}.Release|ARM.ActiveCfg = Release|iPhoneSimulator
		{A36C2698-25E7-485E-AC8F-D0D599CFBB11}.Release|iPhone.ActiveCfg = Release|iPhone
		{A36C2698-25E7-485E-AC8F-D0D599CFBB11}.Release|iPhone.Build.0 = Release|iPhone
		{A36C2698-25E7-485E-AC8F-D0D599CFBB11}.Release|iPhoneSimulator.ActiveCfg = Release|iPhoneSimulator
		{A36C2698-25E7-485E-AC8F-D0D599CFBB11}.Release|iPhoneSimulator.Build.0 = Release|iPhoneSimulator
		{A36C2698-25E7-485E-AC8F-D0D599CFBB11}.Release|Mixed Platforms.ActiveCfg = Release|iPhoneSimulator
		{A36C2698-25E7-485E-AC8F-D0D599CFBB11}.Release|Mixed Platforms.Build.0 = Release|iPhoneSimulator
		{A36C2698-25E7-485E-AC8F-D0D599CFBB11}.Release|Mixed Platforms.Deploy.0 = Release|iPhoneSimulator
		{A36C2698-25E7-485E-AC8F-D0D599CFBB11}.Release|x86.ActiveCfg = Release|iPhoneSimulator
		{62EB78BE-C28B-4E1A-8925-78474DA8A4F0}.Ad-Hoc|Any CPU.ActiveCfg = Debug|Any CPU
		{62EB78BE-C28B-4E1A-8925-78474DA8A4F0}.Ad-Hoc|Any CPU.Build.0 = Debug|Any CPU
		{62EB78BE-C28B-4E1A-8925-78474DA8A4F0}.Ad-Hoc|Any CPU.Deploy.0 = Debug|Any CPU
		{62EB78BE-C28B-4E1A-8925-78474DA8A4F0}.Ad-Hoc|ARM.ActiveCfg = Debug|Any CPU
		{62EB78BE-C28B-4E1A-8925-78474DA8A4F0}.Ad-Hoc|iPhone.ActiveCfg = Release|Any CPU
		{62EB78BE-C28B-4E1A-8925-78474DA8A4F0}.Ad-Hoc|iPhone.Build.0 = Release|Any CPU
		{62EB78BE-C28B-4E1A-8925-78474DA8A4F0}.Ad-Hoc|iPhoneSimulator.ActiveCfg = Debug|Any CPU
		{62EB78BE-C28B-4E1A-8925-78474DA8A4F0}.Ad-Hoc|Mixed Platforms.ActiveCfg = Debug|Any CPU
		{62EB78BE-C28B-4E1A-8925-78474DA8A4F0}.Ad-Hoc|Mixed Platforms.Build.0 = Debug|Any CPU
		{62EB78BE-C28B-4E1A-8925-78474DA8A4F0}.Ad-Hoc|Mixed Platforms.Deploy.0 = Debug|Any CPU
		{62EB78BE-C28B-4E1A-8925-78474DA8A4F0}.Ad-Hoc|x86.ActiveCfg = Debug|Any CPU
		{62EB78BE-C28B-4E1A-8925-78474DA8A4F0}.AppStore|Any CPU.ActiveCfg = Debug|Any CPU
		{62EB78BE-C28B-4E1A-8925-78474DA8A4F0}.AppStore|Any CPU.Build.0 = Debug|Any CPU
		{62EB78BE-C28B-4E1A-8925-78474DA8A4F0}.AppStore|Any CPU.Deploy.0 = Debug|Any CPU
		{62EB78BE-C28B-4E1A-8925-78474DA8A4F0}.AppStore|ARM.ActiveCfg = Debug|Any CPU
		{62EB78BE-C28B-4E1A-8925-78474DA8A4F0}.AppStore|iPhone.ActiveCfg = Release|Any CPU
		{62EB78BE-C28B-4E1A-8925-78474DA8A4F0}.AppStore|iPhone.Build.0 = Release|Any CPU
		{62EB78BE-C28B-4E1A-8925-78474DA8A4F0}.AppStore|iPhoneSimulator.ActiveCfg = Debug|Any CPU
		{62EB78BE-C28B-4E1A-8925-78474DA8A4F0}.AppStore|Mixed Platforms.ActiveCfg = Debug|Any CPU
		{62EB78BE-C28B-4E1A-8925-78474DA8A4F0}.AppStore|Mixed Platforms.Build.0 = Debug|Any CPU
		{62EB78BE-C28B-4E1A-8925-78474DA8A4F0}.AppStore|Mixed Platforms.Deploy.0 = Debug|Any CPU
		{62EB78BE-C28B-4E1A-8925-78474DA8A4F0}.AppStore|x86.ActiveCfg = Debug|Any CPU
		{62EB78BE-C28B-4E1A-8925-78474DA8A4F0}.Debug|Any CPU.ActiveCfg = Debug|Any CPU
		{62EB78BE-C28B-4E1A-8925-78474DA8A4F0}.Debug|Any CPU.Build.0 = Debug|Any CPU
		{62EB78BE-C28B-4E1A-8925-78474DA8A4F0}.Debug|Any CPU.Deploy.0 = Debug|Any CPU
		{62EB78BE-C28B-4E1A-8925-78474DA8A4F0}.Debug|ARM.ActiveCfg = Debug|Any CPU
		{62EB78BE-C28B-4E1A-8925-78474DA8A4F0}.Debug|iPhone.ActiveCfg = Debug|Any CPU
		{62EB78BE-C28B-4E1A-8925-78474DA8A4F0}.Debug|iPhone.Build.0 = Debug|Any CPU
		{62EB78BE-C28B-4E1A-8925-78474DA8A4F0}.Debug|iPhoneSimulator.ActiveCfg = Debug|Any CPU
		{62EB78BE-C28B-4E1A-8925-78474DA8A4F0}.Debug|iPhoneSimulator.Build.0 = Debug|Any CPU
		{62EB78BE-C28B-4E1A-8925-78474DA8A4F0}.Debug|Mixed Platforms.ActiveCfg = Debug|Any CPU
		{62EB78BE-C28B-4E1A-8925-78474DA8A4F0}.Debug|Mixed Platforms.Build.0 = Debug|Any CPU
		{62EB78BE-C28B-4E1A-8925-78474DA8A4F0}.Debug|Mixed Platforms.Deploy.0 = Debug|Any CPU
		{62EB78BE-C28B-4E1A-8925-78474DA8A4F0}.Debug|x86.ActiveCfg = Debug|Any CPU
		{62EB78BE-C28B-4E1A-8925-78474DA8A4F0}.Release|Any CPU.ActiveCfg = Release|Any CPU
		{62EB78BE-C28B-4E1A-8925-78474DA8A4F0}.Release|Any CPU.Build.0 = Release|Any CPU
		{62EB78BE-C28B-4E1A-8925-78474DA8A4F0}.Release|Any CPU.Deploy.0 = Release|Any CPU
		{62EB78BE-C28B-4E1A-8925-78474DA8A4F0}.Release|ARM.ActiveCfg = Release|Any CPU
		{62EB78BE-C28B-4E1A-8925-78474DA8A4F0}.Release|iPhone.ActiveCfg = Release|Any CPU
		{62EB78BE-C28B-4E1A-8925-78474DA8A4F0}.Release|iPhone.Build.0 = Release|Any CPU
		{62EB78BE-C28B-4E1A-8925-78474DA8A4F0}.Release|iPhoneSimulator.ActiveCfg = Release|Any CPU
		{62EB78BE-C28B-4E1A-8925-78474DA8A4F0}.Release|iPhoneSimulator.Build.0 = Release|Any CPU
		{62EB78BE-C28B-4E1A-8925-78474DA8A4F0}.Release|Mixed Platforms.ActiveCfg = Release|Any CPU
		{62EB78BE-C28B-4E1A-8925-78474DA8A4F0}.Release|Mixed Platforms.Build.0 = Release|Any CPU
		{62EB78BE-C28B-4E1A-8925-78474DA8A4F0}.Release|Mixed Platforms.Deploy.0 = Release|Any CPU
		{62EB78BE-C28B-4E1A-8925-78474DA8A4F0}.Release|x86.ActiveCfg = Release|Any CPU
		{E8760B64-A7DF-41FB-B4D8-5275D23F1144}.Ad-Hoc|Any CPU.ActiveCfg = Debug|Any CPU
		{E8760B64-A7DF-41FB-B4D8-5275D23F1144}.Ad-Hoc|Any CPU.Build.0 = Debug|Any CPU
		{E8760B64-A7DF-41FB-B4D8-5275D23F1144}.Ad-Hoc|ARM.ActiveCfg = Debug|Any CPU
		{E8760B64-A7DF-41FB-B4D8-5275D23F1144}.Ad-Hoc|iPhone.ActiveCfg = Release|Any CPU
		{E8760B64-A7DF-41FB-B4D8-5275D23F1144}.Ad-Hoc|iPhone.Build.0 = Release|Any CPU
		{E8760B64-A7DF-41FB-B4D8-5275D23F1144}.Ad-Hoc|iPhoneSimulator.ActiveCfg = Debug|Any CPU
		{E8760B64-A7DF-41FB-B4D8-5275D23F1144}.Ad-Hoc|Mixed Platforms.ActiveCfg = Debug|Any CPU
		{E8760B64-A7DF-41FB-B4D8-5275D23F1144}.Ad-Hoc|Mixed Platforms.Build.0 = Debug|Any CPU
		{E8760B64-A7DF-41FB-B4D8-5275D23F1144}.Ad-Hoc|x86.ActiveCfg = Debug|Any CPU
		{E8760B64-A7DF-41FB-B4D8-5275D23F1144}.AppStore|Any CPU.ActiveCfg = Debug|Any CPU
		{E8760B64-A7DF-41FB-B4D8-5275D23F1144}.AppStore|Any CPU.Build.0 = Debug|Any CPU
		{E8760B64-A7DF-41FB-B4D8-5275D23F1144}.AppStore|ARM.ActiveCfg = Debug|Any CPU
		{E8760B64-A7DF-41FB-B4D8-5275D23F1144}.AppStore|iPhone.ActiveCfg = Release|Any CPU
		{E8760B64-A7DF-41FB-B4D8-5275D23F1144}.AppStore|iPhone.Build.0 = Release|Any CPU
		{E8760B64-A7DF-41FB-B4D8-5275D23F1144}.AppStore|iPhoneSimulator.ActiveCfg = Debug|Any CPU
		{E8760B64-A7DF-41FB-B4D8-5275D23F1144}.AppStore|Mixed Platforms.ActiveCfg = Debug|Any CPU
		{E8760B64-A7DF-41FB-B4D8-5275D23F1144}.AppStore|Mixed Platforms.Build.0 = Debug|Any CPU
		{E8760B64-A7DF-41FB-B4D8-5275D23F1144}.AppStore|x86.ActiveCfg = Debug|Any CPU
		{E8760B64-A7DF-41FB-B4D8-5275D23F1144}.Debug|Any CPU.ActiveCfg = Debug|Any CPU
		{E8760B64-A7DF-41FB-B4D8-5275D23F1144}.Debug|Any CPU.Build.0 = Debug|Any CPU
		{E8760B64-A7DF-41FB-B4D8-5275D23F1144}.Debug|ARM.ActiveCfg = Debug|Any CPU
		{E8760B64-A7DF-41FB-B4D8-5275D23F1144}.Debug|iPhone.ActiveCfg = Debug|Any CPU
		{E8760B64-A7DF-41FB-B4D8-5275D23F1144}.Debug|iPhone.Build.0 = Debug|Any CPU
		{E8760B64-A7DF-41FB-B4D8-5275D23F1144}.Debug|iPhoneSimulator.ActiveCfg = Debug|Any CPU
		{E8760B64-A7DF-41FB-B4D8-5275D23F1144}.Debug|iPhoneSimulator.Build.0 = Debug|Any CPU
		{E8760B64-A7DF-41FB-B4D8-5275D23F1144}.Debug|Mixed Platforms.ActiveCfg = Debug|Any CPU
		{E8760B64-A7DF-41FB-B4D8-5275D23F1144}.Debug|Mixed Platforms.Build.0 = Debug|Any CPU
		{E8760B64-A7DF-41FB-B4D8-5275D23F1144}.Debug|x86.ActiveCfg = Debug|Any CPU
		{E8760B64-A7DF-41FB-B4D8-5275D23F1144}.Release|Any CPU.ActiveCfg = Release|Any CPU
		{E8760B64-A7DF-41FB-B4D8-5275D23F1144}.Release|Any CPU.Build.0 = Release|Any CPU
		{E8760B64-A7DF-41FB-B4D8-5275D23F1144}.Release|ARM.ActiveCfg = Release|Any CPU
		{E8760B64-A7DF-41FB-B4D8-5275D23F1144}.Release|iPhone.ActiveCfg = Release|Any CPU
		{E8760B64-A7DF-41FB-B4D8-5275D23F1144}.Release|iPhone.Build.0 = Release|Any CPU
		{E8760B64-A7DF-41FB-B4D8-5275D23F1144}.Release|iPhoneSimulator.ActiveCfg = Release|Any CPU
		{E8760B64-A7DF-41FB-B4D8-5275D23F1144}.Release|iPhoneSimulator.Build.0 = Release|Any CPU
		{E8760B64-A7DF-41FB-B4D8-5275D23F1144}.Release|Mixed Platforms.ActiveCfg = Release|Any CPU
		{E8760B64-A7DF-41FB-B4D8-5275D23F1144}.Release|Mixed Platforms.Build.0 = Release|Any CPU
		{E8760B64-A7DF-41FB-B4D8-5275D23F1144}.Release|x86.ActiveCfg = Release|Any CPU
		{CB4F0D44-48DD-4017-9CA1-E2474B3A676D}.Ad-Hoc|Any CPU.ActiveCfg = Release|Any CPU
		{CB4F0D44-48DD-4017-9CA1-E2474B3A676D}.Ad-Hoc|Any CPU.Build.0 = Release|Any CPU
		{CB4F0D44-48DD-4017-9CA1-E2474B3A676D}.Ad-Hoc|Any CPU.Deploy.0 = Release|Any CPU
		{CB4F0D44-48DD-4017-9CA1-E2474B3A676D}.Ad-Hoc|ARM.ActiveCfg = Release|ARM
		{CB4F0D44-48DD-4017-9CA1-E2474B3A676D}.Ad-Hoc|ARM.Build.0 = Release|ARM
		{CB4F0D44-48DD-4017-9CA1-E2474B3A676D}.Ad-Hoc|ARM.Deploy.0 = Release|ARM
		{CB4F0D44-48DD-4017-9CA1-E2474B3A676D}.Ad-Hoc|iPhone.ActiveCfg = Release|Any CPU
		{CB4F0D44-48DD-4017-9CA1-E2474B3A676D}.Ad-Hoc|iPhoneSimulator.ActiveCfg = Release|Any CPU
		{CB4F0D44-48DD-4017-9CA1-E2474B3A676D}.Ad-Hoc|Mixed Platforms.ActiveCfg = Release|x86
		{CB4F0D44-48DD-4017-9CA1-E2474B3A676D}.Ad-Hoc|Mixed Platforms.Build.0 = Release|x86
		{CB4F0D44-48DD-4017-9CA1-E2474B3A676D}.Ad-Hoc|Mixed Platforms.Deploy.0 = Release|x86
		{CB4F0D44-48DD-4017-9CA1-E2474B3A676D}.Ad-Hoc|x86.ActiveCfg = Release|x86
		{CB4F0D44-48DD-4017-9CA1-E2474B3A676D}.Ad-Hoc|x86.Build.0 = Release|x86
		{CB4F0D44-48DD-4017-9CA1-E2474B3A676D}.Ad-Hoc|x86.Deploy.0 = Release|x86
		{CB4F0D44-48DD-4017-9CA1-E2474B3A676D}.AppStore|Any CPU.ActiveCfg = Release|Any CPU
		{CB4F0D44-48DD-4017-9CA1-E2474B3A676D}.AppStore|Any CPU.Build.0 = Release|Any CPU
		{CB4F0D44-48DD-4017-9CA1-E2474B3A676D}.AppStore|Any CPU.Deploy.0 = Release|Any CPU
		{CB4F0D44-48DD-4017-9CA1-E2474B3A676D}.AppStore|ARM.ActiveCfg = Release|ARM
		{CB4F0D44-48DD-4017-9CA1-E2474B3A676D}.AppStore|ARM.Build.0 = Release|ARM
		{CB4F0D44-48DD-4017-9CA1-E2474B3A676D}.AppStore|ARM.Deploy.0 = Release|ARM
		{CB4F0D44-48DD-4017-9CA1-E2474B3A676D}.AppStore|iPhone.ActiveCfg = Release|Any CPU
		{CB4F0D44-48DD-4017-9CA1-E2474B3A676D}.AppStore|iPhoneSimulator.ActiveCfg = Release|Any CPU
		{CB4F0D44-48DD-4017-9CA1-E2474B3A676D}.AppStore|Mixed Platforms.ActiveCfg = Release|x86
		{CB4F0D44-48DD-4017-9CA1-E2474B3A676D}.AppStore|Mixed Platforms.Build.0 = Release|x86
		{CB4F0D44-48DD-4017-9CA1-E2474B3A676D}.AppStore|Mixed Platforms.Deploy.0 = Release|x86
		{CB4F0D44-48DD-4017-9CA1-E2474B3A676D}.AppStore|x86.ActiveCfg = Release|x86
		{CB4F0D44-48DD-4017-9CA1-E2474B3A676D}.AppStore|x86.Build.0 = Release|x86
		{CB4F0D44-48DD-4017-9CA1-E2474B3A676D}.AppStore|x86.Deploy.0 = Release|x86
		{CB4F0D44-48DD-4017-9CA1-E2474B3A676D}.Debug|Any CPU.ActiveCfg = Debug|Any CPU
		{CB4F0D44-48DD-4017-9CA1-E2474B3A676D}.Debug|Any CPU.Build.0 = Debug|Any CPU
		{CB4F0D44-48DD-4017-9CA1-E2474B3A676D}.Debug|Any CPU.Deploy.0 = Debug|Any CPU
		{CB4F0D44-48DD-4017-9CA1-E2474B3A676D}.Debug|ARM.ActiveCfg = Debug|ARM
		{CB4F0D44-48DD-4017-9CA1-E2474B3A676D}.Debug|ARM.Build.0 = Debug|ARM
		{CB4F0D44-48DD-4017-9CA1-E2474B3A676D}.Debug|ARM.Deploy.0 = Debug|ARM
		{CB4F0D44-48DD-4017-9CA1-E2474B3A676D}.Debug|iPhone.ActiveCfg = Debug|Any CPU
		{CB4F0D44-48DD-4017-9CA1-E2474B3A676D}.Debug|iPhoneSimulator.ActiveCfg = Debug|Any CPU
		{CB4F0D44-48DD-4017-9CA1-E2474B3A676D}.Debug|Mixed Platforms.ActiveCfg = Debug|x86
		{CB4F0D44-48DD-4017-9CA1-E2474B3A676D}.Debug|Mixed Platforms.Build.0 = Debug|x86
		{CB4F0D44-48DD-4017-9CA1-E2474B3A676D}.Debug|Mixed Platforms.Deploy.0 = Debug|x86
		{CB4F0D44-48DD-4017-9CA1-E2474B3A676D}.Debug|x86.ActiveCfg = Debug|x86
		{CB4F0D44-48DD-4017-9CA1-E2474B3A676D}.Debug|x86.Build.0 = Debug|x86
		{CB4F0D44-48DD-4017-9CA1-E2474B3A676D}.Debug|x86.Deploy.0 = Debug|x86
		{CB4F0D44-48DD-4017-9CA1-E2474B3A676D}.Release|Any CPU.ActiveCfg = Release|Any CPU
		{CB4F0D44-48DD-4017-9CA1-E2474B3A676D}.Release|Any CPU.Build.0 = Release|Any CPU
		{CB4F0D44-48DD-4017-9CA1-E2474B3A676D}.Release|Any CPU.Deploy.0 = Release|Any CPU
		{CB4F0D44-48DD-4017-9CA1-E2474B3A676D}.Release|ARM.ActiveCfg = Release|ARM
		{CB4F0D44-48DD-4017-9CA1-E2474B3A676D}.Release|ARM.Build.0 = Release|ARM
		{CB4F0D44-48DD-4017-9CA1-E2474B3A676D}.Release|ARM.Deploy.0 = Release|ARM
		{CB4F0D44-48DD-4017-9CA1-E2474B3A676D}.Release|iPhone.ActiveCfg = Release|Any CPU
		{CB4F0D44-48DD-4017-9CA1-E2474B3A676D}.Release|iPhoneSimulator.ActiveCfg = Release|Any CPU
		{CB4F0D44-48DD-4017-9CA1-E2474B3A676D}.Release|Mixed Platforms.ActiveCfg = Release|x86
		{CB4F0D44-48DD-4017-9CA1-E2474B3A676D}.Release|Mixed Platforms.Build.0 = Release|x86
		{CB4F0D44-48DD-4017-9CA1-E2474B3A676D}.Release|Mixed Platforms.Deploy.0 = Release|x86
		{CB4F0D44-48DD-4017-9CA1-E2474B3A676D}.Release|x86.ActiveCfg = Release|x86
		{CB4F0D44-48DD-4017-9CA1-E2474B3A676D}.Release|x86.Build.0 = Release|x86
		{CB4F0D44-48DD-4017-9CA1-E2474B3A676D}.Release|x86.Deploy.0 = Release|x86
	EndGlobalSection
	GlobalSection(SolutionProperties) = preSolution
		HideSolutionNode = FALSE
	EndGlobalSection
	GlobalSection(MonoDevelopProperties) = preSolution
		StartupItem = FortuneFinder.Android\FortuneFinder.Android.csproj
	EndGlobalSection
EndGlobal
